// !$*UTF8*$!
{
	archiveVersion = 1;
	classes = {
	};
	objectVersion = 46;
	objects = {

/* Begin PBXBuildFile section */
		04070F041A2CD98600ED7860 /* CKAFlipsideViewController.m in Sources */ = {isa = PBXBuildFile; fileRef = 04070F031A2CD98600ED7860 /* CKAFlipsideViewController.m */; };
		04070F071A2D295900ED7860 /* CKAPlaylistTableViewController.m in Sources */ = {isa = PBXBuildFile; fileRef = 04070F061A2D295900ED7860 /* CKAPlaylistTableViewController.m */; };
		042E02CD1A0C753D00B670DF /* AVFoundation.framework in Frameworks */ = {isa = PBXBuildFile; fileRef = 042E02CC1A0C753D00B670DF /* AVFoundation.framework */; };
		04AB8A7D1A0C5BB8004B1441 /* Foundation.framework in Frameworks */ = {isa = PBXBuildFile; fileRef = 04AB8A7C1A0C5BB8004B1441 /* Foundation.framework */; };
		04AB8A7F1A0C5BB8004B1441 /* CoreGraphics.framework in Frameworks */ = {isa = PBXBuildFile; fileRef = 04AB8A7E1A0C5BB8004B1441 /* CoreGraphics.framework */; };
		04AB8A811A0C5BB8004B1441 /* UIKit.framework in Frameworks */ = {isa = PBXBuildFile; fileRef = 04AB8A801A0C5BB8004B1441 /* UIKit.framework */; };
		04AB8A871A0C5BB8004B1441 /* InfoPlist.strings in Resources */ = {isa = PBXBuildFile; fileRef = 04AB8A851A0C5BB8004B1441 /* InfoPlist.strings */; };
		04AB8A891A0C5BB8004B1441 /* main.m in Sources */ = {isa = PBXBuildFile; fileRef = 04AB8A881A0C5BB8004B1441 /* main.m */; };
		04AB8A8D1A0C5BB8004B1441 /* CKAAppDelegate.m in Sources */ = {isa = PBXBuildFile; fileRef = 04AB8A8C1A0C5BB8004B1441 /* CKAAppDelegate.m */; };
		04AB8A901A0C5BB8004B1441 /* Main.storyboard in Resources */ = {isa = PBXBuildFile; fileRef = 04AB8A8E1A0C5BB8004B1441 /* Main.storyboard */; };
		04AB8A931A0C5BB8004B1441 /* CKAViewController.m in Sources */ = {isa = PBXBuildFile; fileRef = 04AB8A921A0C5BB8004B1441 /* CKAViewController.m */; };
		04AB8A951A0C5BB8004B1441 /* Images.xcassets in Resources */ = {isa = PBXBuildFile; fileRef = 04AB8A941A0C5BB8004B1441 /* Images.xcassets */; };
		04AB8A9C1A0C5BB8004B1441 /* XCTest.framework in Frameworks */ = {isa = PBXBuildFile; fileRef = 04AB8A9B1A0C5BB8004B1441 /* XCTest.framework */; };
		04AB8A9D1A0C5BB8004B1441 /* Foundation.framework in Frameworks */ = {isa = PBXBuildFile; fileRef = 04AB8A7C1A0C5BB8004B1441 /* Foundation.framework */; };
		04AB8A9E1A0C5BB8004B1441 /* UIKit.framework in Frameworks */ = {isa = PBXBuildFile; fileRef = 04AB8A801A0C5BB8004B1441 /* UIKit.framework */; };
		04AB8AA61A0C5BB8004B1441 /* InfoPlist.strings in Resources */ = {isa = PBXBuildFile; fileRef = 04AB8AA41A0C5BB8004B1441 /* InfoPlist.strings */; };
		04AB8AA81A0C5BB8004B1441 /* SoundCloudFinalTests.m in Sources */ = {isa = PBXBuildFile; fileRef = 04AB8AA71A0C5BB8004B1441 /* SoundCloudFinalTests.m */; };
		04AB8AEE1A0C5D42004B1441 /* AddressBook.framework in Frameworks */ = {isa = PBXBuildFile; fileRef = 04AB8AED1A0C5D42004B1441 /* AddressBook.framework */; };
		04AB8AF01A0C5D49004B1441 /* AddressBookUI.framework in Frameworks */ = {isa = PBXBuildFile; fileRef = 04AB8AEF1A0C5D49004B1441 /* AddressBookUI.framework */; };
		04AB8AF21A0C5D61004B1441 /* CoreLocation.framework in Frameworks */ = {isa = PBXBuildFile; fileRef = 04AB8AF11A0C5D61004B1441 /* CoreLocation.framework */; };
		04AB8AF41A0C5D6D004B1441 /* CoreText.framework in Frameworks */ = {isa = PBXBuildFile; fileRef = 04AB8AF31A0C5D6D004B1441 /* CoreText.framework */; };
		04AB8AF61A0C5D78004B1441 /* QuartzCore.framework in Frameworks */ = {isa = PBXBuildFile; fileRef = 04AB8AF51A0C5D78004B1441 /* QuartzCore.framework */; };
		04AB8AF81A0C5D89004B1441 /* Security.framework in Frameworks */ = {isa = PBXBuildFile; fileRef = 04AB8AF71A0C5D89004B1441 /* Security.framework */; };
		04AB8AFA1A0C5E26004B1441 /* SoundCloud.bundle in Resources */ = {isa = PBXBuildFile; fileRef = 04AB8AF91A0C5E26004B1441 /* SoundCloud.bundle */; };
		04AC52391A201ACA00802476 /* CKATrackListTableViewController.m in Sources */ = {isa = PBXBuildFile; fileRef = 04AC52381A201ACA00802476 /* CKATrackListTableViewController.m */; };
		04AC523C1A204A6700802476 /* BIDFavoritesList.m in Sources */ = {isa = PBXBuildFile; fileRef = 04AC523B1A204A6700802476 /* BIDFavoritesList.m */; };
		04AC523F1A2052BF00802476 /* CKATrackInfoViewController.m in Sources */ = {isa = PBXBuildFile; fileRef = 04AC523E1A2052BF00802476 /* CKATrackInfoViewController.m */; };
		04D26BD01A293702000E5B4E /* libsqlite3.dylib in Frameworks */ = {isa = PBXBuildFile; fileRef = 04D26BCF1A293702000E5B4E /* libsqlite3.dylib */; };
		04E7E80A1A2A9328003C0DCF /* libJSONKit.a in Frameworks */ = {isa = PBXBuildFile; fileRef = 04E7E7F11A2A92E5003C0DCF /* libJSONKit.a */; };
		04E7E80B1A2A9328003C0DCF /* libOAuth2Client.a in Frameworks */ = {isa = PBXBuildFile; fileRef = 04E7E7FD1A2A92F6003C0DCF /* libOAuth2Client.a */; };
		04E7E80C1A2A9328003C0DCF /* libOHAttributedLabel.a in Frameworks */ = {isa = PBXBuildFile; fileRef = 04E7E7EA1A2A92D4003C0DCF /* libOHAttributedLabel.a */; };
		04E7E80D1A2A9328003C0DCF /* libSoundCloudAPI.a in Frameworks */ = {isa = PBXBuildFile; fileRef = 04E7E7DB1A2A92A2003C0DCF /* libSoundCloudAPI.a */; };
		04E7E80E1A2A9328003C0DCF /* libSoundCloudUI.a in Frameworks */ = {isa = PBXBuildFile; fileRef = 04E7E7E21A2A92BF003C0DCF /* libSoundCloudUI.a */; };
		04E7E8191A2BD6D8003C0DCF /* crunch.wav in Resources */ = {isa = PBXBuildFile; fileRef = 04E7E8181A2BD6D8003C0DCF /* crunch.wav */; };
		04E7E81B1A2BD805003C0DCF /* bell.wav in Resources */ = {isa = PBXBuildFile; fileRef = 04E7E81A1A2BD805003C0DCF /* bell.wav */; };
		04E7E81D1A2BF0A1003C0DCF /* Settings.bundle in Resources */ = {isa = PBXBuildFile; fileRef = 04E7E81C1A2BF0A1003C0DCF /* Settings.bundle */; };
/* End PBXBuildFile section */

/* Begin PBXContainerItemProxy section */
		04AB8A9F1A0C5BB8004B1441 /* PBXContainerItemProxy */ = {
			isa = PBXContainerItemProxy;
			containerPortal = 04AB8A711A0C5BB8004B1441 /* Project object */;
			proxyType = 1;
			remoteGlobalIDString = 04AB8A781A0C5BB8004B1441;
			remoteInfo = SoundCloudFinal;
		};
		04E7E7D81A2A92A2003C0DCF /* PBXContainerItemProxy */ = {
			isa = PBXContainerItemProxy;
			containerPortal = 04E7E7D31A2A92A2003C0DCF /* SoundCloudAPI.xcodeproj */;
			proxyType = 2;
			remoteGlobalIDString = 94535F86123FAFDF00BD668A;
			remoteInfo = SoundCloudAPI.framework;
		};
		04E7E7DA1A2A92A2003C0DCF /* PBXContainerItemProxy */ = {
			isa = PBXContainerItemProxy;
			containerPortal = 04E7E7D31A2A92A2003C0DCF /* SoundCloudAPI.xcodeproj */;
			proxyType = 2;
			remoteGlobalIDString = D2AAC07E0554694100DB518D;
			remoteInfo = SoundCloudAPI;
		};
		04E7E7E11A2A92BF003C0DCF /* PBXContainerItemProxy */ = {
			isa = PBXContainerItemProxy;
			containerPortal = 04E7E7DC1A2A92BF003C0DCF /* SoundCloudUI.xcodeproj */;
			proxyType = 2;
			remoteGlobalIDString = F6EF8C6113F929D700B20B40;
			remoteInfo = libSoundCloudUI;
		};
		04E7E7E31A2A92BF003C0DCF /* PBXContainerItemProxy */ = {
			isa = PBXContainerItemProxy;
			containerPortal = 04E7E7DC1A2A92BF003C0DCF /* SoundCloudUI.xcodeproj */;
			proxyType = 2;
			remoteGlobalIDString = F62E0CE5148FB27100BE8F14;
			remoteInfo = SoundCloudUI.framework;
		};
		04E7E7E91A2A92D4003C0DCF /* PBXContainerItemProxy */ = {
			isa = PBXContainerItemProxy;
			containerPortal = 04E7E7E51A2A92D3003C0DCF /* OHAttributedLabel.xcodeproj */;
			proxyType = 2;
			remoteGlobalIDString = F62728FA148F70DF00314599;
			remoteInfo = OHAttributedLabel;
		};
		04E7E7F01A2A92E5003C0DCF /* PBXContainerItemProxy */ = {
			isa = PBXContainerItemProxy;
			containerPortal = 04E7E7EB1A2A92E5003C0DCF /* JSONKit.xcodeproj */;
			proxyType = 2;
			remoteGlobalIDString = F6803523148F6D22008A51BA;
			remoteInfo = libJSONKit;
		};
		04E7E7F21A2A92E5003C0DCF /* PBXContainerItemProxy */ = {
			isa = PBXContainerItemProxy;
			containerPortal = 04E7E7EB1A2A92E5003C0DCF /* JSONKit.xcodeproj */;
			proxyType = 2;
			remoteGlobalIDString = F6AE0202148F825C0004909F;
			remoteInfo = JSONKit.framework;
		};
		04E7E7FA1A2A92F6003C0DCF /* PBXContainerItemProxy */ = {
			isa = PBXContainerItemProxy;
			containerPortal = 04E7E7F41A2A92F5003C0DCF /* OAuth2Client.xcodeproj */;
			proxyType = 2;
			remoteGlobalIDString = 942FFCD612315E0A00E6C65E;
			remoteInfo = OAuth2Client.framework;
		};
		04E7E7FC1A2A92F6003C0DCF /* PBXContainerItemProxy */ = {
			isa = PBXContainerItemProxy;
			containerPortal = 04E7E7F41A2A92F5003C0DCF /* OAuth2Client.xcodeproj */;
			proxyType = 2;
			remoteGlobalIDString = D2AAC07E0554694100DB518D;
			remoteInfo = OAuth2Client;
		};
		04E7E7FE1A2A92F6003C0DCF /* PBXContainerItemProxy */ = {
			isa = PBXContainerItemProxy;
			containerPortal = 04E7E7F41A2A92F5003C0DCF /* OAuth2Client.xcodeproj */;
			proxyType = 2;
			remoteGlobalIDString = 94B6CE6619C1D0A200AA859B;
			remoteInfo = OAuth2ClientTests;
		};
		04E7E8001A2A931D003C0DCF /* PBXContainerItemProxy */ = {
			isa = PBXContainerItemProxy;
			containerPortal = 04E7E7F41A2A92F5003C0DCF /* OAuth2Client.xcodeproj */;
			proxyType = 1;
			remoteGlobalIDString = D2AAC07D0554694100DB518D;
			remoteInfo = OAuth2Client;
		};
		04E7E8021A2A931D003C0DCF /* PBXContainerItemProxy */ = {
			isa = PBXContainerItemProxy;
			containerPortal = 04E7E7EB1A2A92E5003C0DCF /* JSONKit.xcodeproj */;
			proxyType = 1;
			remoteGlobalIDString = F6803522148F6D22008A51BA;
			remoteInfo = libJSONKit;
		};
		04E7E8041A2A931D003C0DCF /* PBXContainerItemProxy */ = {
			isa = PBXContainerItemProxy;
			containerPortal = 04E7E7E51A2A92D3003C0DCF /* OHAttributedLabel.xcodeproj */;
			proxyType = 1;
			remoteGlobalIDString = F62728F9148F70DF00314599;
			remoteInfo = OHAttributedLabel;
		};
		04E7E8061A2A931D003C0DCF /* PBXContainerItemProxy */ = {
			isa = PBXContainerItemProxy;
			containerPortal = 04E7E7DC1A2A92BF003C0DCF /* SoundCloudUI.xcodeproj */;
			proxyType = 1;
			remoteGlobalIDString = F6EF8C6013F929D700B20B40;
			remoteInfo = libSoundCloudUI;
		};
		04E7E8081A2A931D003C0DCF /* PBXContainerItemProxy */ = {
			isa = PBXContainerItemProxy;
			containerPortal = 04E7E7D31A2A92A2003C0DCF /* SoundCloudAPI.xcodeproj */;
			proxyType = 1;
			remoteGlobalIDString = D2AAC07D0554694100DB518D;
			remoteInfo = SoundCloudAPI;
		};
/* End PBXContainerItemProxy section */

/* Begin PBXFileReference section */
		04070F021A2CD98600ED7860 /* CKAFlipsideViewController.h */ = {isa = PBXFileReference; fileEncoding = 4; lastKnownFileType = sourcecode.c.h; path = CKAFlipsideViewController.h; sourceTree = "<group>"; };
		04070F031A2CD98600ED7860 /* CKAFlipsideViewController.m */ = {isa = PBXFileReference; fileEncoding = 4; lastKnownFileType = sourcecode.c.objc; path = CKAFlipsideViewController.m; sourceTree = "<group>"; };
		04070F051A2D295900ED7860 /* CKAPlaylistTableViewController.h */ = {isa = PBXFileReference; fileEncoding = 4; lastKnownFileType = sourcecode.c.h; path = CKAPlaylistTableViewController.h; sourceTree = "<group>"; };
		04070F061A2D295900ED7860 /* CKAPlaylistTableViewController.m */ = {isa = PBXFileReference; fileEncoding = 4; lastKnownFileType = sourcecode.c.objc; path = CKAPlaylistTableViewController.m; sourceTree = "<group>"; };
		042E02CC1A0C753D00B670DF /* AVFoundation.framework */ = {isa = PBXFileReference; lastKnownFileType = wrapper.framework; name = AVFoundation.framework; path = System/Library/Frameworks/AVFoundation.framework; sourceTree = SDKROOT; };
		04AB8A791A0C5BB8004B1441 /* SoundCloudFinal.app */ = {isa = PBXFileReference; explicitFileType = wrapper.application; includeInIndex = 0; path = SoundCloudFinal.app; sourceTree = BUILT_PRODUCTS_DIR; };
		04AB8A7C1A0C5BB8004B1441 /* Foundation.framework */ = {isa = PBXFileReference; lastKnownFileType = wrapper.framework; name = Foundation.framework; path = System/Library/Frameworks/Foundation.framework; sourceTree = SDKROOT; };
		04AB8A7E1A0C5BB8004B1441 /* CoreGraphics.framework */ = {isa = PBXFileReference; lastKnownFileType = wrapper.framework; name = CoreGraphics.framework; path = System/Library/Frameworks/CoreGraphics.framework; sourceTree = SDKROOT; };
		04AB8A801A0C5BB8004B1441 /* UIKit.framework */ = {isa = PBXFileReference; lastKnownFileType = wrapper.framework; name = UIKit.framework; path = System/Library/Frameworks/UIKit.framework; sourceTree = SDKROOT; };
		04AB8A841A0C5BB8004B1441 /* SoundCloudFinal-Info.plist */ = {isa = PBXFileReference; lastKnownFileType = text.plist.xml; path = "SoundCloudFinal-Info.plist"; sourceTree = "<group>"; };
		04AB8A861A0C5BB8004B1441 /* en */ = {isa = PBXFileReference; lastKnownFileType = text.plist.strings; name = en; path = en.lproj/InfoPlist.strings; sourceTree = "<group>"; };
		04AB8A881A0C5BB8004B1441 /* main.m */ = {isa = PBXFileReference; lastKnownFileType = sourcecode.c.objc; path = main.m; sourceTree = "<group>"; };
		04AB8A8A1A0C5BB8004B1441 /* SoundCloudFinal-Prefix.pch */ = {isa = PBXFileReference; lastKnownFileType = sourcecode.c.h; path = "SoundCloudFinal-Prefix.pch"; sourceTree = "<group>"; };
		04AB8A8B1A0C5BB8004B1441 /* CKAAppDelegate.h */ = {isa = PBXFileReference; lastKnownFileType = sourcecode.c.h; path = CKAAppDelegate.h; sourceTree = "<group>"; };
		04AB8A8C1A0C5BB8004B1441 /* CKAAppDelegate.m */ = {isa = PBXFileReference; lastKnownFileType = sourcecode.c.objc; path = CKAAppDelegate.m; sourceTree = "<group>"; };
		04AB8A8F1A0C5BB8004B1441 /* Base */ = {isa = PBXFileReference; lastKnownFileType = file.storyboard; name = Base; path = Base.lproj/Main.storyboard; sourceTree = "<group>"; };
		04AB8A911A0C5BB8004B1441 /* CKAViewController.h */ = {isa = PBXFileReference; lastKnownFileType = sourcecode.c.h; path = CKAViewController.h; sourceTree = "<group>"; };
		04AB8A921A0C5BB8004B1441 /* CKAViewController.m */ = {isa = PBXFileReference; lastKnownFileType = sourcecode.c.objc; path = CKAViewController.m; sourceTree = "<group>"; };
		04AB8A941A0C5BB8004B1441 /* Images.xcassets */ = {isa = PBXFileReference; lastKnownFileType = folder.assetcatalog; path = Images.xcassets; sourceTree = "<group>"; };
		04AB8A9A1A0C5BB8004B1441 /* SoundCloudFinalTests.xctest */ = {isa = PBXFileReference; explicitFileType = wrapper.cfbundle; includeInIndex = 0; path = SoundCloudFinalTests.xctest; sourceTree = BUILT_PRODUCTS_DIR; };
		04AB8A9B1A0C5BB8004B1441 /* XCTest.framework */ = {isa = PBXFileReference; lastKnownFileType = wrapper.framework; name = XCTest.framework; path = Library/Frameworks/XCTest.framework; sourceTree = DEVELOPER_DIR; };
		04AB8AA31A0C5BB8004B1441 /* SoundCloudFinalTests-Info.plist */ = {isa = PBXFileReference; lastKnownFileType = text.plist.xml; path = "SoundCloudFinalTests-Info.plist"; sourceTree = "<group>"; };
		04AB8AA51A0C5BB8004B1441 /* en */ = {isa = PBXFileReference; lastKnownFileType = text.plist.strings; name = en; path = en.lproj/InfoPlist.strings; sourceTree = "<group>"; };
		04AB8AA71A0C5BB8004B1441 /* SoundCloudFinalTests.m */ = {isa = PBXFileReference; lastKnownFileType = sourcecode.c.objc; path = SoundCloudFinalTests.m; sourceTree = "<group>"; };
		04AB8AED1A0C5D42004B1441 /* AddressBook.framework */ = {isa = PBXFileReference; lastKnownFileType = wrapper.framework; name = AddressBook.framework; path = System/Library/Frameworks/AddressBook.framework; sourceTree = SDKROOT; };
		04AB8AEF1A0C5D49004B1441 /* AddressBookUI.framework */ = {isa = PBXFileReference; lastKnownFileType = wrapper.framework; name = AddressBookUI.framework; path = System/Library/Frameworks/AddressBookUI.framework; sourceTree = SDKROOT; };
		04AB8AF11A0C5D61004B1441 /* CoreLocation.framework */ = {isa = PBXFileReference; lastKnownFileType = wrapper.framework; name = CoreLocation.framework; path = System/Library/Frameworks/CoreLocation.framework; sourceTree = SDKROOT; };
		04AB8AF31A0C5D6D004B1441 /* CoreText.framework */ = {isa = PBXFileReference; lastKnownFileType = wrapper.framework; name = CoreText.framework; path = System/Library/Frameworks/CoreText.framework; sourceTree = SDKROOT; };
		04AB8AF51A0C5D78004B1441 /* QuartzCore.framework */ = {isa = PBXFileReference; lastKnownFileType = wrapper.framework; name = QuartzCore.framework; path = System/Library/Frameworks/QuartzCore.framework; sourceTree = SDKROOT; };
		04AB8AF71A0C5D89004B1441 /* Security.framework */ = {isa = PBXFileReference; lastKnownFileType = wrapper.framework; name = Security.framework; path = System/Library/Frameworks/Security.framework; sourceTree = SDKROOT; };
		04AB8AF91A0C5E26004B1441 /* SoundCloud.bundle */ = {isa = PBXFileReference; lastKnownFileType = "wrapper.plug-in"; path = SoundCloud.bundle; sourceTree = "<group>"; };
		04AC52371A201ACA00802476 /* CKATrackListTableViewController.h */ = {isa = PBXFileReference; fileEncoding = 4; lastKnownFileType = sourcecode.c.h; path = CKATrackListTableViewController.h; sourceTree = "<group>"; };
		04AC52381A201ACA00802476 /* CKATrackListTableViewController.m */ = {isa = PBXFileReference; fileEncoding = 4; lastKnownFileType = sourcecode.c.objc; path = CKATrackListTableViewController.m; sourceTree = "<group>"; };
		04AC523A1A204A6700802476 /* BIDFavoritesList.h */ = {isa = PBXFileReference; fileEncoding = 4; lastKnownFileType = sourcecode.c.h; path = BIDFavoritesList.h; sourceTree = "<group>"; };
		04AC523B1A204A6700802476 /* BIDFavoritesList.m */ = {isa = PBXFileReference; fileEncoding = 4; lastKnownFileType = sourcecode.c.objc; path = BIDFavoritesList.m; sourceTree = "<group>"; };
		04AC523D1A2052BF00802476 /* CKATrackInfoViewController.h */ = {isa = PBXFileReference; fileEncoding = 4; lastKnownFileType = sourcecode.c.h; path = CKATrackInfoViewController.h; sourceTree = "<group>"; };
		04AC523E1A2052BF00802476 /* CKATrackInfoViewController.m */ = {isa = PBXFileReference; fileEncoding = 4; lastKnownFileType = sourcecode.c.objc; path = CKATrackInfoViewController.m; sourceTree = "<group>"; };
		04D26BCF1A293702000E5B4E /* libsqlite3.dylib */ = {isa = PBXFileReference; lastKnownFileType = "compiled.mach-o.dylib"; name = libsqlite3.dylib; path = usr/lib/libsqlite3.dylib; sourceTree = SDKROOT; };
		04E7E7D31A2A92A2003C0DCF /* SoundCloudAPI.xcodeproj */ = {isa = PBXFileReference; lastKnownFileType = "wrapper.pb-project"; name = SoundCloudAPI.xcodeproj; path = CocoaSoundCloudAPI/SoundCloudAPI.xcodeproj; sourceTree = "<group>"; };
		04E7E7DC1A2A92BF003C0DCF /* SoundCloudUI.xcodeproj */ = {isa = PBXFileReference; lastKnownFileType = "wrapper.pb-project"; name = SoundCloudUI.xcodeproj; path = CocoaSoundCloudUI/SoundCloudUI.xcodeproj; sourceTree = "<group>"; };
		04E7E7E51A2A92D3003C0DCF /* OHAttributedLabel.xcodeproj */ = {isa = PBXFileReference; lastKnownFileType = "wrapper.pb-project"; name = OHAttributedLabel.xcodeproj; path = OHAttributedLabel/OHAttributedLabel.xcodeproj; sourceTree = "<group>"; };
		04E7E7EB1A2A92E5003C0DCF /* JSONKit.xcodeproj */ = {isa = PBXFileReference; lastKnownFileType = "wrapper.pb-project"; name = JSONKit.xcodeproj; path = JSONKit/JSONKit.xcodeproj; sourceTree = "<group>"; };
		04E7E7F41A2A92F5003C0DCF /* OAuth2Client.xcodeproj */ = {isa = PBXFileReference; lastKnownFileType = "wrapper.pb-project"; name = OAuth2Client.xcodeproj; path = OAuth2Client/OAuth2Client.xcodeproj; sourceTree = "<group>"; };
		04E7E8181A2BD6D8003C0DCF /* crunch.wav */ = {isa = PBXFileReference; lastKnownFileType = audio.wav; path = crunch.wav; sourceTree = "<group>"; };
		04E7E81A1A2BD805003C0DCF /* bell.wav */ = {isa = PBXFileReference; lastKnownFileType = audio.wav; path = bell.wav; sourceTree = "<group>"; };
		04E7E81C1A2BF0A1003C0DCF /* Settings.bundle */ = {isa = PBXFileReference; lastKnownFileType = "wrapper.plug-in"; path = Settings.bundle; sourceTree = "<group>"; };
/* End PBXFileReference section */

/* Begin PBXFrameworksBuildPhase section */
		04AB8A761A0C5BB8004B1441 /* Frameworks */ = {
			isa = PBXFrameworksBuildPhase;
			buildActionMask = 2147483647;
			files = (
				04E7E80A1A2A9328003C0DCF /* libJSONKit.a in Frameworks */,
				04E7E80B1A2A9328003C0DCF /* libOAuth2Client.a in Frameworks */,
				04E7E80C1A2A9328003C0DCF /* libOHAttributedLabel.a in Frameworks */,
				04E7E80D1A2A9328003C0DCF /* libSoundCloudAPI.a in Frameworks */,
				04E7E80E1A2A9328003C0DCF /* libSoundCloudUI.a in Frameworks */,
				04D26BD01A293702000E5B4E /* libsqlite3.dylib in Frameworks */,
				042E02CD1A0C753D00B670DF /* AVFoundation.framework in Frameworks */,
				04AB8AF81A0C5D89004B1441 /* Security.framework in Frameworks */,
				04AB8AF61A0C5D78004B1441 /* QuartzCore.framework in Frameworks */,
				04AB8AF41A0C5D6D004B1441 /* CoreText.framework in Frameworks */,
				04AB8AF21A0C5D61004B1441 /* CoreLocation.framework in Frameworks */,
				04AB8A7F1A0C5BB8004B1441 /* CoreGraphics.framework in Frameworks */,
				04AB8AF01A0C5D49004B1441 /* AddressBookUI.framework in Frameworks */,
				04AB8AEE1A0C5D42004B1441 /* AddressBook.framework in Frameworks */,
				04AB8A811A0C5BB8004B1441 /* UIKit.framework in Frameworks */,
				04AB8A7D1A0C5BB8004B1441 /* Foundation.framework in Frameworks */,
			);
			runOnlyForDeploymentPostprocessing = 0;
		};
		04AB8A971A0C5BB8004B1441 /* Frameworks */ = {
			isa = PBXFrameworksBuildPhase;
			buildActionMask = 2147483647;
			files = (
				04AB8A9C1A0C5BB8004B1441 /* XCTest.framework in Frameworks */,
				04AB8A9E1A0C5BB8004B1441 /* UIKit.framework in Frameworks */,
				04AB8A9D1A0C5BB8004B1441 /* Foundation.framework in Frameworks */,
			);
			runOnlyForDeploymentPostprocessing = 0;
		};
/* End PBXFrameworksBuildPhase section */

/* Begin PBXGroup section */
		04AB8A701A0C5BB8004B1441 = {
			isa = PBXGroup;
			children = (
				04E7E7F41A2A92F5003C0DCF /* OAuth2Client.xcodeproj */,
				04E7E7EB1A2A92E5003C0DCF /* JSONKit.xcodeproj */,
				04E7E7E51A2A92D3003C0DCF /* OHAttributedLabel.xcodeproj */,
				04E7E7DC1A2A92BF003C0DCF /* SoundCloudUI.xcodeproj */,
				04E7E7D31A2A92A2003C0DCF /* SoundCloudAPI.xcodeproj */,
				04AB8A821A0C5BB8004B1441 /* SoundCloudFinal */,
				04AB8AA11A0C5BB8004B1441 /* SoundCloudFinalTests */,
				04AB8A7B1A0C5BB8004B1441 /* Frameworks */,
				04AB8A7A1A0C5BB8004B1441 /* Products */,
			);
			sourceTree = "<group>";
		};
		04AB8A7A1A0C5BB8004B1441 /* Products */ = {
			isa = PBXGroup;
			children = (
				04AB8A791A0C5BB8004B1441 /* SoundCloudFinal.app */,
				04AB8A9A1A0C5BB8004B1441 /* SoundCloudFinalTests.xctest */,
			);
			name = Products;
			sourceTree = "<group>";
		};
		04AB8A7B1A0C5BB8004B1441 /* Frameworks */ = {
			isa = PBXGroup;
			children = (
				04D26BCF1A293702000E5B4E /* libsqlite3.dylib */,
				042E02CC1A0C753D00B670DF /* AVFoundation.framework */,
				04AB8AF71A0C5D89004B1441 /* Security.framework */,
				04AB8AF51A0C5D78004B1441 /* QuartzCore.framework */,
				04AB8AF31A0C5D6D004B1441 /* CoreText.framework */,
				04AB8AF11A0C5D61004B1441 /* CoreLocation.framework */,
				04AB8AEF1A0C5D49004B1441 /* AddressBookUI.framework */,
				04AB8AED1A0C5D42004B1441 /* AddressBook.framework */,
				04AB8A7C1A0C5BB8004B1441 /* Foundation.framework */,
				04AB8A7E1A0C5BB8004B1441 /* CoreGraphics.framework */,
				04AB8A801A0C5BB8004B1441 /* UIKit.framework */,
				04AB8A9B1A0C5BB8004B1441 /* XCTest.framework */,
			);
			name = Frameworks;
			sourceTree = "<group>";
		};
		04AB8A821A0C5BB8004B1441 /* SoundCloudFinal */ = {
			isa = PBXGroup;
			children = (
				04AC523A1A204A6700802476 /* BIDFavoritesList.h */,
				04AC523B1A204A6700802476 /* BIDFavoritesList.m */,
				04AB8A8B1A0C5BB8004B1441 /* CKAAppDelegate.h */,
				04AB8A8C1A0C5BB8004B1441 /* CKAAppDelegate.m */,
				04AB8A911A0C5BB8004B1441 /* CKAViewController.h */,
				04AB8A921A0C5BB8004B1441 /* CKAViewController.m */,
				04AC52371A201ACA00802476 /* CKATrackListTableViewController.h */,
				04AC52381A201ACA00802476 /* CKATrackListTableViewController.m */,
				04AC523D1A2052BF00802476 /* CKATrackInfoViewController.h */,
				04AC523E1A2052BF00802476 /* CKATrackInfoViewController.m */,
				04070F021A2CD98600ED7860 /* CKAFlipsideViewController.h */,
				04070F031A2CD98600ED7860 /* CKAFlipsideViewController.m */,
				04070F051A2D295900ED7860 /* CKAPlaylistTableViewController.h */,
				04070F061A2D295900ED7860 /* CKAPlaylistTableViewController.m */,
				04AB8A8E1A0C5BB8004B1441 /* Main.storyboard */,
				04AB8A831A0C5BB8004B1441 /* Supporting Files */,
				04AB8AF91A0C5E26004B1441 /* SoundCloud.bundle */,
				04E7E81C1A2BF0A1003C0DCF /* Settings.bundle */,
				04AB8A941A0C5BB8004B1441 /* Images.xcassets */,
				04E7E81A1A2BD805003C0DCF /* bell.wav */,
				04E7E8181A2BD6D8003C0DCF /* crunch.wav */,
			);
			path = SoundCloudFinal;
			sourceTree = "<group>";
		};
		04AB8A831A0C5BB8004B1441 /* Supporting Files */ = {
			isa = PBXGroup;
			children = (
				04AB8A841A0C5BB8004B1441 /* SoundCloudFinal-Info.plist */,
				04AB8A851A0C5BB8004B1441 /* InfoPlist.strings */,
				04AB8A881A0C5BB8004B1441 /* main.m */,
				04AB8A8A1A0C5BB8004B1441 /* SoundCloudFinal-Prefix.pch */,
			);
			name = "Supporting Files";
			sourceTree = "<group>";
		};
		04AB8AA11A0C5BB8004B1441 /* SoundCloudFinalTests */ = {
			isa = PBXGroup;
			children = (
				04AB8AA71A0C5BB8004B1441 /* SoundCloudFinalTests.m */,
				04AB8AA21A0C5BB8004B1441 /* Supporting Files */,
			);
			path = SoundCloudFinalTests;
			sourceTree = "<group>";
		};
		04AB8AA21A0C5BB8004B1441 /* Supporting Files */ = {
			isa = PBXGroup;
			children = (
				04AB8AA31A0C5BB8004B1441 /* SoundCloudFinalTests-Info.plist */,
				04AB8AA41A0C5BB8004B1441 /* InfoPlist.strings */,
			);
			name = "Supporting Files";
			sourceTree = "<group>";
		};
		04E7E7D41A2A92A2003C0DCF /* Products */ = {
			isa = PBXGroup;
			children = (
				04E7E7D91A2A92A2003C0DCF /* SoundCloudAPI.framework */,
				04E7E7DB1A2A92A2003C0DCF /* libSoundCloudAPI.a */,
			);
			name = Products;
			sourceTree = "<group>";
		};
		04E7E7DD1A2A92BF003C0DCF /* Products */ = {
			isa = PBXGroup;
			children = (
				04E7E7E21A2A92BF003C0DCF /* libSoundCloudUI.a */,
				04E7E7E41A2A92BF003C0DCF /* SoundCloudUI.framework */,
			);
			name = Products;
			sourceTree = "<group>";
		};
		04E7E7E61A2A92D3003C0DCF /* Products */ = {
			isa = PBXGroup;
			children = (
				04E7E7EA1A2A92D4003C0DCF /* libOHAttributedLabel.a */,
			);
			name = Products;
			sourceTree = "<group>";
		};
		04E7E7EC1A2A92E5003C0DCF /* Products */ = {
			isa = PBXGroup;
			children = (
				04E7E7F11A2A92E5003C0DCF /* libJSONKit.a */,
				04E7E7F31A2A92E5003C0DCF /* JSONKit.framework */,
			);
			name = Products;
			sourceTree = "<group>";
		};
		04E7E7F51A2A92F5003C0DCF /* Products */ = {
			isa = PBXGroup;
			children = (
				04E7E7FB1A2A92F6003C0DCF /* OAuth2Client.framework */,
				04E7E7FD1A2A92F6003C0DCF /* libOAuth2Client.a */,
				04E7E7FF1A2A92F6003C0DCF /* OAuth2ClientTests.xctest */,
			);
			name = Products;
			sourceTree = "<group>";
		};
/* End PBXGroup section */

/* Begin PBXNativeTarget section */
		04AB8A781A0C5BB8004B1441 /* SoundCloudFinal */ = {
			isa = PBXNativeTarget;
			buildConfigurationList = 04AB8AAB1A0C5BB8004B1441 /* Build configuration list for PBXNativeTarget "SoundCloudFinal" */;
			buildPhases = (
				04AB8A751A0C5BB8004B1441 /* Sources */,
				04AB8A761A0C5BB8004B1441 /* Frameworks */,
				04AB8A771A0C5BB8004B1441 /* Resources */,
			);
			buildRules = (
			);
			dependencies = (
				04E7E8011A2A931D003C0DCF /* PBXTargetDependency */,
				04E7E8031A2A931D003C0DCF /* PBXTargetDependency */,
				04E7E8051A2A931D003C0DCF /* PBXTargetDependency */,
				04E7E8071A2A931D003C0DCF /* PBXTargetDependency */,
				04E7E8091A2A931D003C0DCF /* PBXTargetDependency */,
			);
			name = SoundCloudFinal;
			productName = SoundCloudFinal;
			productReference = 04AB8A791A0C5BB8004B1441 /* SoundCloudFinal.app */;
			productType = "com.apple.product-type.application";
		};
		04AB8A991A0C5BB8004B1441 /* SoundCloudFinalTests */ = {
			isa = PBXNativeTarget;
			buildConfigurationList = 04AB8AAE1A0C5BB8004B1441 /* Build configuration list for PBXNativeTarget "SoundCloudFinalTests" */;
			buildPhases = (
				04AB8A961A0C5BB8004B1441 /* Sources */,
				04AB8A971A0C5BB8004B1441 /* Frameworks */,
				04AB8A981A0C5BB8004B1441 /* Resources */,
			);
			buildRules = (
			);
			dependencies = (
				04AB8AA01A0C5BB8004B1441 /* PBXTargetDependency */,
			);
			name = SoundCloudFinalTests;
			productName = SoundCloudFinalTests;
			productReference = 04AB8A9A1A0C5BB8004B1441 /* SoundCloudFinalTests.xctest */;
			productType = "com.apple.product-type.bundle.unit-test";
		};
/* End PBXNativeTarget section */

/* Begin PBXProject section */
		04AB8A711A0C5BB8004B1441 /* Project object */ = {
			isa = PBXProject;
			attributes = {
				CLASSPREFIX = CKA;
				LastUpgradeCheck = 0510;
				ORGANIZATIONNAME = WSU;
				TargetAttributes = {
					04AB8A991A0C5BB8004B1441 = {
						TestTargetID = 04AB8A781A0C5BB8004B1441;
					};
				};
			};
			buildConfigurationList = 04AB8A741A0C5BB8004B1441 /* Build configuration list for PBXProject "SoundCloudFinal" */;
			compatibilityVersion = "Xcode 3.2";
			developmentRegion = English;
			hasScannedForEncodings = 0;
			knownRegions = (
				en,
				Base,
			);
			mainGroup = 04AB8A701A0C5BB8004B1441;
			productRefGroup = 04AB8A7A1A0C5BB8004B1441 /* Products */;
			projectDirPath = "";
			projectReferences = (
				{
					ProductGroup = 04E7E7EC1A2A92E5003C0DCF /* Products */;
					ProjectRef = 04E7E7EB1A2A92E5003C0DCF /* JSONKit.xcodeproj */;
				},
				{
					ProductGroup = 04E7E7F51A2A92F5003C0DCF /* Products */;
					ProjectRef = 04E7E7F41A2A92F5003C0DCF /* OAuth2Client.xcodeproj */;
				},
				{
					ProductGroup = 04E7E7E61A2A92D3003C0DCF /* Products */;
					ProjectRef = 04E7E7E51A2A92D3003C0DCF /* OHAttributedLabel.xcodeproj */;
				},
				{
					ProductGroup = 04E7E7D41A2A92A2003C0DCF /* Products */;
					ProjectRef = 04E7E7D31A2A92A2003C0DCF /* SoundCloudAPI.xcodeproj */;
				},
				{
					ProductGroup = 04E7E7DD1A2A92BF003C0DCF /* Products */;
					ProjectRef = 04E7E7DC1A2A92BF003C0DCF /* SoundCloudUI.xcodeproj */;
				},
			);
			projectRoot = "";
			targets = (
				04AB8A781A0C5BB8004B1441 /* SoundCloudFinal */,
				04AB8A991A0C5BB8004B1441 /* SoundCloudFinalTests */,
			);
		};
/* End PBXProject section */

/* Begin PBXReferenceProxy section */
		04E7E7D91A2A92A2003C0DCF /* SoundCloudAPI.framework */ = {
			isa = PBXReferenceProxy;
			fileType = wrapper.framework;
			path = SoundCloudAPI.framework;
			remoteRef = 04E7E7D81A2A92A2003C0DCF /* PBXContainerItemProxy */;
			sourceTree = BUILT_PRODUCTS_DIR;
		};
		04E7E7DB1A2A92A2003C0DCF /* libSoundCloudAPI.a */ = {
			isa = PBXReferenceProxy;
			fileType = archive.ar;
			path = libSoundCloudAPI.a;
			remoteRef = 04E7E7DA1A2A92A2003C0DCF /* PBXContainerItemProxy */;
			sourceTree = BUILT_PRODUCTS_DIR;
		};
		04E7E7E21A2A92BF003C0DCF /* libSoundCloudUI.a */ = {
			isa = PBXReferenceProxy;
			fileType = archive.ar;
			path = libSoundCloudUI.a;
			remoteRef = 04E7E7E11A2A92BF003C0DCF /* PBXContainerItemProxy */;
			sourceTree = BUILT_PRODUCTS_DIR;
		};
		04E7E7E41A2A92BF003C0DCF /* SoundCloudUI.framework */ = {
			isa = PBXReferenceProxy;
			fileType = wrapper.framework;
			path = SoundCloudUI.framework;
			remoteRef = 04E7E7E31A2A92BF003C0DCF /* PBXContainerItemProxy */;
			sourceTree = BUILT_PRODUCTS_DIR;
		};
		04E7E7EA1A2A92D4003C0DCF /* libOHAttributedLabel.a */ = {
			isa = PBXReferenceProxy;
			fileType = archive.ar;
			path = libOHAttributedLabel.a;
			remoteRef = 04E7E7E91A2A92D4003C0DCF /* PBXContainerItemProxy */;
			sourceTree = BUILT_PRODUCTS_DIR;
		};
		04E7E7F11A2A92E5003C0DCF /* libJSONKit.a */ = {
			isa = PBXReferenceProxy;
			fileType = archive.ar;
			path = libJSONKit.a;
			remoteRef = 04E7E7F01A2A92E5003C0DCF /* PBXContainerItemProxy */;
			sourceTree = BUILT_PRODUCTS_DIR;
		};
		04E7E7F31A2A92E5003C0DCF /* JSONKit.framework */ = {
			isa = PBXReferenceProxy;
			fileType = wrapper.framework;
			path = JSONKit.framework;
			remoteRef = 04E7E7F21A2A92E5003C0DCF /* PBXContainerItemProxy */;
			sourceTree = BUILT_PRODUCTS_DIR;
		};
		04E7E7FB1A2A92F6003C0DCF /* OAuth2Client.framework */ = {
			isa = PBXReferenceProxy;
			fileType = wrapper.framework;
			path = OAuth2Client.framework;
			remoteRef = 04E7E7FA1A2A92F6003C0DCF /* PBXContainerItemProxy */;
			sourceTree = BUILT_PRODUCTS_DIR;
		};
		04E7E7FD1A2A92F6003C0DCF /* libOAuth2Client.a */ = {
			isa = PBXReferenceProxy;
			fileType = archive.ar;
			path = libOAuth2Client.a;
			remoteRef = 04E7E7FC1A2A92F6003C0DCF /* PBXContainerItemProxy */;
			sourceTree = BUILT_PRODUCTS_DIR;
		};
		04E7E7FF1A2A92F6003C0DCF /* OAuth2ClientTests.xctest */ = {
			isa = PBXReferenceProxy;
			fileType = wrapper.cfbundle;
			path = OAuth2ClientTests.xctest;
			remoteRef = 04E7E7FE1A2A92F6003C0DCF /* PBXContainerItemProxy */;
			sourceTree = BUILT_PRODUCTS_DIR;
		};
/* End PBXReferenceProxy section */

/* Begin PBXResourcesBuildPhase section */
		04AB8A771A0C5BB8004B1441 /* Resources */ = {
			isa = PBXResourcesBuildPhase;
			buildActionMask = 2147483647;
			files = (
				04AB8A951A0C5BB8004B1441 /* Images.xcassets in Resources */,
				04E7E8191A2BD6D8003C0DCF /* crunch.wav in Resources */,
				04E7E81D1A2BF0A1003C0DCF /* Settings.bundle in Resources */,
				04AB8AFA1A0C5E26004B1441 /* SoundCloud.bundle in Resources */,
				04AB8A871A0C5BB8004B1441 /* InfoPlist.strings in Resources */,
				04E7E81B1A2BD805003C0DCF /* bell.wav in Resources */,
				04AB8A901A0C5BB8004B1441 /* Main.storyboard in Resources */,
			);
			runOnlyForDeploymentPostprocessing = 0;
		};
		04AB8A981A0C5BB8004B1441 /* Resources */ = {
			isa = PBXResourcesBuildPhase;
			buildActionMask = 2147483647;
			files = (
				04AB8AA61A0C5BB8004B1441 /* InfoPlist.strings in Resources */,
			);
			runOnlyForDeploymentPostprocessing = 0;
		};
/* End PBXResourcesBuildPhase section */

/* Begin PBXSourcesBuildPhase section */
		04AB8A751A0C5BB8004B1441 /* Sources */ = {
			isa = PBXSourcesBuildPhase;
			buildActionMask = 2147483647;
			files = (
				04AB8A931A0C5BB8004B1441 /* CKAViewController.m in Sources */,
				04AC523C1A204A6700802476 /* BIDFavoritesList.m in Sources */,
				04AB8A8D1A0C5BB8004B1441 /* CKAAppDelegate.m in Sources */,
				04070F071A2D295900ED7860 /* CKAPlaylistTableViewController.m in Sources */,
				04070F041A2CD98600ED7860 /* CKAFlipsideViewController.m in Sources */,
				04AC523F1A2052BF00802476 /* CKATrackInfoViewController.m in Sources */,
				04AC52391A201ACA00802476 /* CKATrackListTableViewController.m in Sources */,
				04AB8A891A0C5BB8004B1441 /* main.m in Sources */,
			);
			runOnlyForDeploymentPostprocessing = 0;
		};
		04AB8A961A0C5BB8004B1441 /* Sources */ = {
			isa = PBXSourcesBuildPhase;
			buildActionMask = 2147483647;
			files = (
				04AB8AA81A0C5BB8004B1441 /* SoundCloudFinalTests.m in Sources */,
			);
			runOnlyForDeploymentPostprocessing = 0;
		};
/* End PBXSourcesBuildPhase section */

/* Begin PBXTargetDependency section */
		04AB8AA01A0C5BB8004B1441 /* PBXTargetDependency */ = {
			isa = PBXTargetDependency;
			target = 04AB8A781A0C5BB8004B1441 /* SoundCloudFinal */;
			targetProxy = 04AB8A9F1A0C5BB8004B1441 /* PBXContainerItemProxy */;
		};
		04E7E8011A2A931D003C0DCF /* PBXTargetDependency */ = {
			isa = PBXTargetDependency;
			name = OAuth2Client;
			targetProxy = 04E7E8001A2A931D003C0DCF /* PBXContainerItemProxy */;
		};
		04E7E8031A2A931D003C0DCF /* PBXTargetDependency */ = {
			isa = PBXTargetDependency;
			name = libJSONKit;
			targetProxy = 04E7E8021A2A931D003C0DCF /* PBXContainerItemProxy */;
		};
		04E7E8051A2A931D003C0DCF /* PBXTargetDependency */ = {
			isa = PBXTargetDependency;
			name = OHAttributedLabel;
			targetProxy = 04E7E8041A2A931D003C0DCF /* PBXContainerItemProxy */;
		};
		04E7E8071A2A931D003C0DCF /* PBXTargetDependency */ = {
			isa = PBXTargetDependency;
			name = libSoundCloudUI;
			targetProxy = 04E7E8061A2A931D003C0DCF /* PBXContainerItemProxy */;
		};
		04E7E8091A2A931D003C0DCF /* PBXTargetDependency */ = {
			isa = PBXTargetDependency;
			name = SoundCloudAPI;
			targetProxy = 04E7E8081A2A931D003C0DCF /* PBXContainerItemProxy */;
		};
/* End PBXTargetDependency section */

/* Begin PBXVariantGroup section */
		04AB8A851A0C5BB8004B1441 /* InfoPlist.strings */ = {
			isa = PBXVariantGroup;
			children = (
				04AB8A861A0C5BB8004B1441 /* en */,
			);
			name = InfoPlist.strings;
			sourceTree = "<group>";
		};
		04AB8A8E1A0C5BB8004B1441 /* Main.storyboard */ = {
			isa = PBXVariantGroup;
			children = (
				04AB8A8F1A0C5BB8004B1441 /* Base */,
			);
			name = Main.storyboard;
			sourceTree = "<group>";
		};
		04AB8AA41A0C5BB8004B1441 /* InfoPlist.strings */ = {
			isa = PBXVariantGroup;
			children = (
				04AB8AA51A0C5BB8004B1441 /* en */,
			);
			name = InfoPlist.strings;
			sourceTree = "<group>";
		};
/* End PBXVariantGroup section */

/* Begin XCBuildConfiguration section */
		04AB8AA91A0C5BB8004B1441 /* Debug */ = {
			isa = XCBuildConfiguration;
			buildSettings = {
				ALWAYS_SEARCH_USER_PATHS = NO;
				ARCHS = "$(ARCHS_STANDARD)";
				CLANG_CXX_LANGUAGE_STANDARD = "gnu++0x";
				CLANG_CXX_LIBRARY = "libc++";
				CLANG_ENABLE_MODULES = YES;
				CLANG_ENABLE_OBJC_ARC = YES;
				CLANG_WARN_BOOL_CONVERSION = YES;
				CLANG_WARN_CONSTANT_CONVERSION = YES;
				CLANG_WARN_DIRECT_OBJC_ISA_USAGE = YES_ERROR;
				CLANG_WARN_EMPTY_BODY = YES;
				CLANG_WARN_ENUM_CONVERSION = YES;
				CLANG_WARN_INT_CONVERSION = YES;
				CLANG_WARN_OBJC_ROOT_CLASS = YES_ERROR;
				CLANG_WARN__DUPLICATE_METHOD_MATCH = YES;
				"CODE_SIGN_IDENTITY[sdk=iphoneos*]" = "iPhone Developer";
				COPY_PHASE_STRIP = NO;
				GCC_C_LANGUAGE_STANDARD = gnu99;
				GCC_DYNAMIC_NO_PIC = NO;
				GCC_OPTIMIZATION_LEVEL = 0;
				GCC_PREPROCESSOR_DEFINITIONS = (
					"DEBUG=1",
					"$(inherited)",
				);
				GCC_SYMBOLS_PRIVATE_EXTERN = NO;
				GCC_WARN_64_TO_32_BIT_CONVERSION = YES;
				GCC_WARN_ABOUT_RETURN_TYPE = YES_ERROR;
				GCC_WARN_UNDECLARED_SELECTOR = YES;
				GCC_WARN_UNINITIALIZED_AUTOS = YES_AGGRESSIVE;
				GCC_WARN_UNUSED_FUNCTION = YES;
				GCC_WARN_UNUSED_VARIABLE = YES;
				IPHONEOS_DEPLOYMENT_TARGET = 7.1;
				ONLY_ACTIVE_ARCH = YES;
				SDKROOT = iphoneos;
				VALID_ARCHS = "arm64 armv7 armv7s";
			};
			name = Debug;
		};
		04AB8AAA1A0C5BB8004B1441 /* Release */ = {
			isa = XCBuildConfiguration;
			buildSettings = {
				ALWAYS_SEARCH_USER_PATHS = NO;
				ARCHS = "$(ARCHS_STANDARD)";
				CLANG_CXX_LANGUAGE_STANDARD = "gnu++0x";
				CLANG_CXX_LIBRARY = "libc++";
				CLANG_ENABLE_MODULES = YES;
				CLANG_ENABLE_OBJC_ARC = YES;
				CLANG_WARN_BOOL_CONVERSION = YES;
				CLANG_WARN_CONSTANT_CONVERSION = YES;
				CLANG_WARN_DIRECT_OBJC_ISA_USAGE = YES_ERROR;
				CLANG_WARN_EMPTY_BODY = YES;
				CLANG_WARN_ENUM_CONVERSION = YES;
				CLANG_WARN_INT_CONVERSION = YES;
				CLANG_WARN_OBJC_ROOT_CLASS = YES_ERROR;
				CLANG_WARN__DUPLICATE_METHOD_MATCH = YES;
				"CODE_SIGN_IDENTITY[sdk=iphoneos*]" = "iPhone Developer";
				COPY_PHASE_STRIP = YES;
				ENABLE_NS_ASSERTIONS = NO;
				GCC_C_LANGUAGE_STANDARD = gnu99;
				GCC_WARN_64_TO_32_BIT_CONVERSION = YES;
				GCC_WARN_ABOUT_RETURN_TYPE = YES_ERROR;
				GCC_WARN_UNDECLARED_SELECTOR = YES;
				GCC_WARN_UNINITIALIZED_AUTOS = YES_AGGRESSIVE;
				GCC_WARN_UNUSED_FUNCTION = YES;
				GCC_WARN_UNUSED_VARIABLE = YES;
				IPHONEOS_DEPLOYMENT_TARGET = 7.1;
				ONLY_ACTIVE_ARCH = YES;
				SDKROOT = iphoneos;
				VALIDATE_PRODUCT = YES;
				VALID_ARCHS = "arm64 armv7 armv7s";
			};
			name = Release;
		};
		04AB8AAC1A0C5BB8004B1441 /* Debug */ = {
			isa = XCBuildConfiguration;
			buildSettings = {
				ARCHS = "$(ARCHS_STANDARD)";
				ASSETCATALOG_COMPILER_APPICON_NAME = AppIcon;
				ASSETCATALOG_COMPILER_LAUNCHIMAGE_NAME = LaunchImage;
				GCC_PRECOMPILE_PREFIX_HEADER = YES;
				GCC_PREFIX_HEADER = "SoundCloudFinal/SoundCloudFinal-Prefix.pch";
				HEADER_SEARCH_PATHS = (
					"$(inherited)",
					"/Applications/Xcode\\ 5/Xcode.app/Contents/Developer/Toolchains/XcodeDefault.xctoolchain/usr/include",
					"$PROJECT_DIR/**",
				);
				INFOPLIST_FILE = "SoundCloudFinal/SoundCloudFinal-Info.plist";
				ONLY_ACTIVE_ARCH = YES;
				OTHER_LDFLAGS = (
					"-all_load",
					"-ObjC",
				);
				PRODUCT_NAME = "$(TARGET_NAME)";
				VALID_ARCHS = "arm64 armv7 armv7s";
				WRAPPER_EXTENSION = app;
			};
			name = Debug;
		};
		04AB8AAD1A0C5BB8004B1441 /* Release */ = {
			isa = XCBuildConfiguration;
			buildSettings = {
				ARCHS = "$(ARCHS_STANDARD)";
				ASSETCATALOG_COMPILER_APPICON_NAME = AppIcon;
				ASSETCATALOG_COMPILER_LAUNCHIMAGE_NAME = LaunchImage;
				GCC_PRECOMPILE_PREFIX_HEADER = YES;
				GCC_PREFIX_HEADER = "SoundCloudFinal/SoundCloudFinal-Prefix.pch";
				HEADER_SEARCH_PATHS = (
					"$(inherited)",
					"/Applications/Xcode\\ 5/Xcode.app/Contents/Developer/Toolchains/XcodeDefault.xctoolchain/usr/include",
					"$PROJECT_DIR/**",
				);
				INFOPLIST_FILE = "SoundCloudFinal/SoundCloudFinal-Info.plist";
				ONLY_ACTIVE_ARCH = YES;
				OTHER_LDFLAGS = (
					"-all_load",
					"-ObjC",
				);
				PRODUCT_NAME = "$(TARGET_NAME)";
				VALID_ARCHS = "arm64 armv7 armv7s";
				WRAPPER_EXTENSION = app;
			};
			name = Release;
		};
		04AB8AAF1A0C5BB8004B1441 /* Debug */ = {
			isa = XCBuildConfiguration;
			buildSettings = {
				BUNDLE_LOADER = "$(BUILT_PRODUCTS_DIR)/SoundCloudFinal.app/SoundCloudFinal";
				FRAMEWORK_SEARCH_PATHS = (
					"$(SDKROOT)/Developer/Library/Frameworks",
					"$(inherited)",
					"$(DEVELOPER_FRAMEWORKS_DIR)",
				);
				GCC_PRECOMPILE_PREFIX_HEADER = YES;
				GCC_PREFIX_HEADER = "SoundCloudFinal/SoundCloudFinal-Prefix.pch";
				GCC_PREPROCESSOR_DEFINITIONS = (
					"DEBUG=1",
					"$(inherited)",
				);
				INFOPLIST_FILE = "SoundCloudFinalTests/SoundCloudFinalTests-Info.plist";
				PRODUCT_NAME = "$(TARGET_NAME)";
				TEST_HOST = "$(BUNDLE_LOADER)";
				WRAPPER_EXTENSION = xctest;
			};
			name = Debug;
		};
		04AB8AB01A0C5BB8004B1441 /* Release */ = {
			isa = XCBuildConfiguration;
			buildSettings = {
				BUNDLE_LOADER = "$(BUILT_PRODUCTS_DIR)/SoundCloudFinal.app/SoundCloudFinal";
				FRAMEWORK_SEARCH_PATHS = (
					"$(SDKROOT)/Developer/Library/Frameworks",
					"$(inherited)",
					"$(DEVELOPER_FRAMEWORKS_DIR)",
				);
				GCC_PRECOMPILE_PREFIX_HEADER = YES;
				GCC_PREFIX_HEADER = "SoundCloudFinal/SoundCloudFinal-Prefix.pch";
				INFOPLIST_FILE = "SoundCloudFinalTests/SoundCloudFinalTests-Info.plist";
				PRODUCT_NAME = "$(TARGET_NAME)";
				TEST_HOST = "$(BUNDLE_LOADER)";
				WRAPPER_EXTENSION = xctest;
			};
			name = Release;
		};
/* End XCBuildConfiguration section */

/* Begin XCConfigurationList section */
		04AB8A741A0C5BB8004B1441 /* Build configuration list for PBXProject "SoundCloudFinal" */ = {
			isa = XCConfigurationList;
			buildConfigurations = (
				04AB8AA91A0C5BB8004B1441 /* Debug */,
				04AB8AAA1A0C5BB8004B1441 /* Release */,
			);
			defaultConfigurationIsVisible = 0;
			defaultConfigurationName = Release;
		};
		04AB8AAB1A0C5BB8004B1441 /* Build configuration list for PBXNativeTarget "SoundCloudFinal" */ = {
			isa = XCConfigurationList;
			buildConfigurations = (
				04AB8AAC1A0C5BB8004B1441 /* Debug */,
				04AB8AAD1A0C5BB8004B1441 /* Release */,
			);
			defaultConfigurationIsVisible = 0;
			defaultConfigurationName = Release;
		};
		04AB8AAE1A0C5BB8004B1441 /* Build configuration list for PBXNativeTarget "SoundCloudFinalTests" */ = {
			isa = XCConfigurationList;
			buildConfigurations = (
				04AB8AAF1A0C5BB8004B1441 /* Debug */,
				04AB8AB01A0C5BB8004B1441 /* Release */,
			);
			defaultConfigurationIsVisible = 0;
			defaultConfigurationName = Release;
		};
/* End XCConfigurationList section */
	};
	rootObject = 04AB8A711A0C5BB8004B1441 /* Project object */;
}
